
Microsoft Visual Studio Solution File, Format Version 12.00
# Visual Studio 15
VisualStudioVersion = 15.0.28307.329
MinimumVisualStudioVersion = 10.0.40219.1
Project("{FAE04EC0-301F-11D3-BF4B-00C04F79EFBC}") = "Web", "Web\Web.csproj", "{5650F102-2100-4E1E-A159-0C77F8537836}"
EndProject
Global
	GlobalSection(SolutionConfigurationPlatforms) = preSolution
		Debug|Any CPU = Debug|Any CPU
		Release|Any CPU = Release|Any CPU
	EndGlobalSection
	GlobalSection(ProjectConfigurationPlatforms) = postSolution
		{5650F102-2100-4E1E-A159-0C77F8537836}.Debug|Any CPU.ActiveCfg = Debug|Any CPU
		{5650F102-2100-4E1E-A159-0C77F8537836}.Debug|Any CPU.Build.0 = Debug|Any CPU
		{5650F102-2100-4E1E-A159-0C77F8537836}.Release|Any CPU.ActiveCfg = Release|Any CPU
		{5650F102-2100-4E1E-A159-0C77F8537836}.Release|Any CPU.Build.0 = Release|Any CPU
	EndGlobalSection
	GlobalSection(SolutionProperties) = preSolution
		HideSolutionNode = FALSE
	EndGlobalSection
	GlobalSection(ExtensibilityGlobals) = postSolution
		SolutionGuid = {0AA7ECD7-605A-4797-B011-6C3DC092C748}
	EndGlobalSection
EndGlobal
